
Microsoft Visual Studio Solution File, Format Version 12.00
# Visual Studio Version 16
VisualStudioVersion = 16.0.30011.22
MinimumVisualStudioVersion = 10.0.40219.1
Project("{9A19103F-16F7-4668-BE54-9A1E7A4F7556}") = "WebApplication1", "WebApplication1\WebApplication1.csproj", "{5B7EB174-D2BA-4794-9686-ABAC21DE70E8}"
EndProject
Global
	GlobalSection(SolutionConfigurationPlatforms) = preSolution
		Debug|Any CPU = Debug|Any CPU
		Release|Any CPU = Release|Any CPU
	EndGlobalSection
	GlobalSection(ProjectConfigurationPlatforms) = postSolution
		{5B7EB174-D2BA-4794-9686-ABAC21DE70E8}.Debug|Any CPU.ActiveCfg = Debug|Any CPU
		{5B7EB174-D2BA-4794-9686-ABAC21DE70E8}.Debug|Any CPU.Build.0 = Debug|Any CPU
		{5B7EB174-D2BA-4794-9686-ABAC21DE70E8}.Release|Any CPU.ActiveCfg = Release|Any CPU
		{5B7EB174-D2BA-4794-9686-ABAC21DE70E8}.Release|Any CPU.Build.0 = Release|Any CPU
	EndGlobalSection
	GlobalSection(SolutionProperties) = preSolution
		HideSolutionNode = FALSE
	EndGlobalSection
	GlobalSection(ExtensibilityGlobals) = postSolution
		SolutionGuid = {7B043A4A-C11D-48FE-A276-1EE496A2EB94}
	EndGlobalSection
EndGlobal
